<?xml version="1.0" encoding="utf-8"?>
<Project ToolsVersion="4.0" xmlns="http://schemas.microsoft.com/developer/msbuild/2003">
  <ItemGroup>
    <Filter Include="res">
      <UniqueIdentifier>4701e0e2-b34b-4768-81db-8dc92e21196d</UniqueIdentifier>
    </Filter>
    <Filter Include="res\values">
      <UniqueIdentifier>8fafd3c5-3f7a-4548-a170-22a0b1a5dc3f</UniqueIdentifier>
    </Filter>
    <Filter Include="HelloVulkan">
      <UniqueIdentifier>{9618ec09-eeca-497a-9b42-871238457d7b}</UniqueIdentifier>
    </Filter>
    <Filter Include="HelloVulkan\native_app_glue">
      <UniqueIdentifier>{ab7a4956-b5c7-45c7-871d-732349a74089}</UniqueIdentifier>
    </Filter>
    <Filter Include="shaders">
      <UniqueIdentifier>{126221f4-0947-43ca-9566-932102e238fd}</UniqueIdentifier>
    </Filter>
    <Filter Include="texture">
      <UniqueIdentifier>{813325a0-82ab-4c6d-a91b-179befdf1dc9}</UniqueIdentifier>
    </Filter>
    <Filter Include="include">
      <UniqueIdentifier>{dad4095b-cb9d-41ea-a3e7-5230d9d9ce67}</UniqueIdentifier>
    </Filter>
    <Filter Include="src">
      <UniqueIdentifier>{142f5df5-f4a1-4254-8e68-75bab064cb36}</UniqueIdentifier>
    </Filter>
    <Filter Include="include\ext">
      <UniqueIdentifier>{3e143a2d-6dd0-4638-8f7e-f36db4f22a06}</UniqueIdentifier>
    </Filter>
    <Filter Include="include\nosdk">
      <UniqueIdentifier>{f1688580-2a95-4027-b23f-04252324d209}</UniqueIdentifier>
    </Filter>
    <Filter Include="include\nosdk\vulkan">
      <UniqueIdentifier>{c6b5f23d-c105-4ef2-8f49-3e9e9500c817}</UniqueIdentifier>
    </Filter>
    <Filter Include="include\ext\mathfu">
      <UniqueIdentifier>{6640af2e-b0e5-455b-bbce-b0aff165d7ea}</UniqueIdentifier>
    </Filter>
  </ItemGroup>
  <ItemGroup>
    <AndroidBuild Include="AndroidManifest.xml" />
    <AndroidBuild Include="res\values\strings.xml">
      <Filter>res\values</Filter>
    </AndroidBuild>
  </ItemGroup>
  <ItemGroup>
    <ClCompile Include="native_app_glue\android_native_app_glue.c">
      <Filter>HelloVulkan\native_app_glue</Filter>
    </ClCompile>
    <ClCompile Include="src\Model.cpp">
      <Filter>src</Filter>
    </ClCompile>
    <ClCompile Include="src\ShadowMap.cpp">
      <Filter>src</Filter>
    </ClCompile>
    <ClCompile Include="src\VKFuncs.cpp">
      <Filter>src</Filter>
    </ClCompile>
    <ClCompile Include="src\VKRenderer.cpp">
      <Filter>src</Filter>
    </ClCompile>
    <ClCompile Include="src\Asset.cpp">
      <Filter>src</Filter>
    </ClCompile>
    <ClCompile Include="src\main.cpp">
      <Filter>src</Filter>
    </ClCompile>
  </ItemGroup>
  <ItemGroup>
    <ClInclude Include="native_app_glue\android_native_app_glue.h">
      <Filter>HelloVulkan\native_app_glue</Filter>
    </ClInclude>
    <ClInclude Include="include\nosdk\vulkan\vk_platform.h">
      <Filter>include\nosdk\vulkan</Filter>
    </ClInclude>
    <ClInclude Include="include\nosdk\vulkan\vulkan.h">
      <Filter>include\nosdk\vulkan</Filter>
    </ClInclude>
    <ClInclude Include="include\ext\mathfu\matrix.h">
      <Filter>include\ext\mathfu</Filter>
    </ClInclude>
    <ClInclude Include="include\ext\mathfu\matrix_4x4.h">
      <Filter>include\ext\mathfu</Filter>
    </ClInclude>
    <ClInclude Include="include\ext\mathfu\quaternion.h">
      <Filter>include\ext\mathfu</Filter>
    </ClInclude>
    <ClInclude Include="include\ext\mathfu\utilities.h">
      <Filter>include\ext\mathfu</Filter>
    </ClInclude>
    <ClInclude Include="include\ext\mathfu\vector.h">
      <Filter>include\ext\mathfu</Filter>
    </ClInclude>
    <ClInclude Include="include\ext\mathfu\vector_2.h">
      <Filter>include\ext\mathfu</Filter>
    </ClInclude>
    <ClInclude Include="include\ext\mathfu\vector_3.h">
      <Filter>include\ext\mathfu</Filter>
    </ClInclude>
    <ClInclude Include="include\ext\mathfu\vector_4.h">
      <Filter>include\ext\mathfu</Filter>
    </ClInclude>
    <ClInclude Include="include\ext\mathfu\constants.h">
      <Filter>include\ext\mathfu</Filter>
    </ClInclude>
    <ClInclude Include="include\ext\mathfu\glsl_mappings.h">
      <Filter>include\ext\mathfu</Filter>
    </ClInclude>
    <ClInclude Include="include\ext\stb_image.h">
      <Filter>include\ext</Filter>
    </ClInclude>
    <ClInclude Include="include\ext\tiny_obj_loader.h">
      <Filter>include\ext</Filter>
    </ClInclude>
    <ClInclude Include="include\Asset.h">
      <Filter>include</Filter>
    </ClInclude>
    <ClInclude Include="include\engine.h">
      <Filter>include</Filter>
    </ClInclude>
    <ClInclude Include="include\Model.h">
      <Filter>include</Filter>
    </ClInclude>
    <ClInclude Include="include\ShadowMap.h">
      <Filter>include</Filter>
    </ClInclude>
    <ClInclude Include="include\VKFuncs.h">
      <Filter>include</Filter>
    </ClInclude>
    <ClInclude Include="include\VKImport.h">
      <Filter>include</Filter>
    </ClInclude>
    <ClInclude Include="include\VKRenderer.h">
      <Filter>include</Filter>
    </ClInclude>
  </ItemGroup>
  <ItemGroup>
    <CustomBuild Include="assets\shader.frag">
      <Filter>shaders</Filter>
    </CustomBuild>
    <CustomBuild Include="assets\shader.vert">
      <Filter>shaders</Filter>
    </CustomBuild>
  </ItemGroup>
  <ItemGroup>
    <None Include="assets\texture.jpg">
      <Filter>texture</Filter>
    </None>
  </ItemGroup>
</Project>