<?xml version="1.0" encoding="utf-8"?>
<Project ToolsVersion="4.0" xmlns="http://schemas.microsoft.com/developer/msbuild/2003">
  <ItemGroup>
    <Filter Include="jni">
      <UniqueIdentifier>8f8b2780-4a15-4622-9dbe-db71ac201852</UniqueIdentifier>
    </Filter>
    <Filter Include="res">
      <UniqueIdentifier>4701e0e2-b34b-4768-81db-8dc92e21196d</UniqueIdentifier>
    </Filter>
    <Filter Include="res\values">
      <UniqueIdentifier>8fafd3c5-3f7a-4548-a170-22a0b1a5dc3f</UniqueIdentifier>
    </Filter>
    <Filter Include="HelloVulkan">
      <UniqueIdentifier>{9618ec09-eeca-497a-9b42-871238457d7b}</UniqueIdentifier>
    </Filter>
    <Filter Include="HelloVulkan\native_app_glue">
      <UniqueIdentifier>{ab7a4956-b5c7-45c7-871d-732349a74089}</UniqueIdentifier>
    </Filter>
    <Filter Include="shaders">
      <UniqueIdentifier>{126221f4-0947-43ca-9566-932102e238fd}</UniqueIdentifier>
    </Filter>
    <Filter Include="jni\mathfu">
      <UniqueIdentifier>{ced9d065-134f-478c-ae68-198435cdbf16}</UniqueIdentifier>
    </Filter>
    <Filter Include="texture">
      <UniqueIdentifier>{813325a0-82ab-4c6d-a91b-179befdf1dc9}</UniqueIdentifier>
    </Filter>
  </ItemGroup>
  <ItemGroup>
    <AndroidBuild Include="AndroidManifest.xml" />
    <AndroidBuild Include="res\values\strings.xml">
      <Filter>res\values</Filter>
    </AndroidBuild>
  </ItemGroup>
  <ItemGroup>
    <ClCompile Include="jni\main.cpp">
      <Filter>jni</Filter>
    </ClCompile>
    <ClCompile Include="native_app_glue\android_native_app_glue.c">
      <Filter>HelloVulkan\native_app_glue</Filter>
    </ClCompile>
    <ClCompile Include="jni\VKFuncs.cpp">
      <Filter>jni</Filter>
    </ClCompile>
    <ClCompile Include="jni\VKRenderer.cpp">
      <Filter>jni</Filter>
    </ClCompile>
    <ClCompile Include="jni\Model.cpp">
      <Filter>jni</Filter>
    </ClCompile>
  </ItemGroup>
  <ItemGroup>
    <ClInclude Include="native_app_glue\android_native_app_glue.h">
      <Filter>HelloVulkan\native_app_glue</Filter>
    </ClInclude>
    <ClInclude Include="jni\VKImport.h">
      <Filter>jni</Filter>
    </ClInclude>
    <ClInclude Include="jni\VKFuncs.h">
      <Filter>jni</Filter>
    </ClInclude>
    <ClInclude Include="jni\mathfu\quaternion.h">
      <Filter>jni\mathfu</Filter>
    </ClInclude>
    <ClInclude Include="jni\mathfu\utilities.h">
      <Filter>jni\mathfu</Filter>
    </ClInclude>
    <ClInclude Include="jni\mathfu\vector.h">
      <Filter>jni\mathfu</Filter>
    </ClInclude>
    <ClInclude Include="jni\mathfu\vector_2.h">
      <Filter>jni\mathfu</Filter>
    </ClInclude>
    <ClInclude Include="jni\mathfu\vector_3.h">
      <Filter>jni\mathfu</Filter>
    </ClInclude>
    <ClInclude Include="jni\mathfu\vector_4.h">
      <Filter>jni\mathfu</Filter>
    </ClInclude>
    <ClInclude Include="jni\mathfu\constants.h">
      <Filter>jni\mathfu</Filter>
    </ClInclude>
    <ClInclude Include="jni\mathfu\glsl_mappings.h">
      <Filter>jni\mathfu</Filter>
    </ClInclude>
    <ClInclude Include="jni\mathfu\matrix.h">
      <Filter>jni\mathfu</Filter>
    </ClInclude>
    <ClInclude Include="jni\mathfu\matrix_4x4.h">
      <Filter>jni\mathfu</Filter>
    </ClInclude>
    <ClInclude Include="jni\ext\stb_image.h">
      <Filter>jni</Filter>
    </ClInclude>
    <ClInclude Include="jni\VKRenderer.h">
      <Filter>jni</Filter>
    </ClInclude>
    <ClInclude Include="jni\engine.h">
      <Filter>jni</Filter>
    </ClInclude>
    <ClInclude Include="jni\Model.h">
      <Filter>jni</Filter>
    </ClInclude>
  </ItemGroup>
  <ItemGroup>
    <CustomBuild Include="assets\shader.frag">
      <Filter>shaders</Filter>
    </CustomBuild>
    <CustomBuild Include="assets\shader.vert">
      <Filter>shaders</Filter>
    </CustomBuild>
  </ItemGroup>
  <ItemGroup>
    <None Include="assets\texture.jpg">
      <Filter>texture</Filter>
    </None>
  </ItemGroup>
</Project>